
Microsoft Visual Studio Solution File, Format Version 12.00
# Visual Studio Version 17
VisualStudioVersion = 17.5.33530.505
MinimumVisualStudioVersion = 10.0.40219.1
Project("{9A19103F-16F7-4668-BE54-9A1E7A4F7556}") = "WeatherForecast", "WeatherForecast.csproj", "{8ED2FF1B-1CCC-42F8-AEC1-8229134E2F41}"
EndProject
Project("{FAE04EC0-301F-11D3-BF4B-00C04F79EFBC}") = "NUnitTest", "..\NUnitTest\NUnitTest.csproj", "{3D8736C2-5D29-4A8C-A07F-825A07F43E0F}"
EndProject
Global
	GlobalSection(SolutionConfigurationPlatforms) = preSolution
		Debug|Any CPU = Debug|Any CPU
		Release|Any CPU = Release|Any CPU
	EndGlobalSection
	GlobalSection(ProjectConfigurationPlatforms) = postSolution
		{8ED2FF1B-1CCC-42F8-AEC1-8229134E2F41}.Debug|Any CPU.ActiveCfg = Debug|Any CPU
		{8ED2FF1B-1CCC-42F8-AEC1-8229134E2F41}.Debug|Any CPU.Build.0 = Debug|Any CPU
		{8ED2FF1B-1CCC-42F8-AEC1-8229134E2F41}.Release|Any CPU.ActiveCfg = Release|Any CPU
		{8ED2FF1B-1CCC-42F8-AEC1-8229134E2F41}.Release|Any CPU.Build.0 = Release|Any CPU
		{3D8736C2-5D29-4A8C-A07F-825A07F43E0F}.Debug|Any CPU.ActiveCfg = Debug|Any CPU
		{3D8736C2-5D29-4A8C-A07F-825A07F43E0F}.Debug|Any CPU.Build.0 = Debug|Any CPU
		{3D8736C2-5D29-4A8C-A07F-825A07F43E0F}.Release|Any CPU.ActiveCfg = Release|Any CPU
		{3D8736C2-5D29-4A8C-A07F-825A07F43E0F}.Release|Any CPU.Build.0 = Release|Any CPU
	EndGlobalSection
	GlobalSection(SolutionProperties) = preSolution
		HideSolutionNode = FALSE
	EndGlobalSection
	GlobalSection(ExtensibilityGlobals) = postSolution
		SolutionGuid = {6CAB8ABD-0B1E-469F-8A86-3B1927F763FE}
	EndGlobalSection
EndGlobal
